// !$*UTF8*$!
{
	archiveVersion = 1;
	classes = {
	};
	objectVersion = 56;
	objects = {

/* Begin PBXFileReference section */
		4F778874F7DFD2CEB629DEED /* aws-sdk-cpp-macOS.framework */ = {isa = PBXFileReference; explicitFileType = wrapper.framework; includeInIndex = 0; path = "aws-sdk-cpp-macOS.framework"; sourceTree = BUILT_PRODUCTS_DIR; };
/* End PBXFileReference section */

/* Begin PBXGroup section */
		E4943FAF0436D628DB470910 = {
			isa = PBXGroup;
			children = (
				EB6C19878E6CBBFA194EF697 /* Products */,
			);
			sourceTree = "<group>";
		};
		EB6C19878E6CBBFA194EF697 /* Products */ = {
			isa = PBXGroup;
			children = (
				4F778874F7DFD2CEB629DEED /* aws-sdk-cpp-macOS.framework */,
			);
			name = Products;
			sourceTree = "<group>";
		};
/* End PBXGroup section */

/* Begin PBXNativeTarget section */
		B7834FF84825A9F45D8758CF /* aws-sdk-cpp-macOS */ = {
			isa = PBXNativeTarget;
			buildConfigurationList = 90AC36D8FA0AFBB2887FC0D8 /* Build configuration list for PBXNativeTarget "aws-sdk-cpp-macOS" */;
			buildPhases = (
				444B37D60163C106A68350B7 /* Run cmake */,
				A465DDFD36AC4342AE5AD810 /* Copy custom headers */,
				FCD7BDAAF0A4165DB38FA397 /* Build aws-sdk-cpp */,
				A87FA1AA66B1CE43C12C1539 /* Create XCFramework */,
			);
			buildRules = (
			);
			dependencies = (
			);
			name = "aws-sdk-cpp-macOS";
			productName = "aws-sdk-cpp-macOS";
			productReference = 4F778874F7DFD2CEB629DEED /* aws-sdk-cpp-macOS.framework */;
			productType = "com.apple.product-type.framework";
		};
/* End PBXNativeTarget section */

/* Begin PBXProject section */
		5AA7B0F1642021E580E9C9AE /* Project object */ = {
			isa = PBXProject;
			attributes = {
				BuildIndependentTargetsInParallel = YES;
				LastUpgradeCheck = 1420;
			};
			buildConfigurationList = 1369E9C23F3761A2A1837E2B /* Build configuration list for PBXProject "aws-sdk-cpp" */;
			compatibilityVersion = "Xcode 14.0";
			developmentRegion = en;
			hasScannedForEncodings = 0;
			knownRegions = (
				en,
				Base,
			);
			mainGroup = E4943FAF0436D628DB470910;
			productRefGroup = EB6C19878E6CBBFA194EF697 /* Products */;
			projectDirPath = "";
			projectRoot = "";
			targets = (
				B7834FF84825A9F45D8758CF /* aws-sdk-cpp-macOS */,
			);
		};
/* End PBXProject section */

/* Begin PBXShellScriptBuildPhase section */
		444B37D60163C106A68350B7 /* Run cmake */ = {
			isa = PBXShellScriptBuildPhase;
			buildActionMask = 2147483647;
			files = (
			);
			inputFileListPaths = (
			);
			inputPaths = (
			);
			name = "Run cmake";
			outputFileListPaths = (
			);
			outputPaths = (
				"$(PROJECT_DIR)/build/build-prod/AWSSDK.xcodeproj",
			);
			runOnlyForDeploymentPostprocessing = 0;
			shellPath = /bin/zsh;
			shellScript = "AWSSDKCPP_CLIENTS=\"lambda;s3\"\nAWSSDKCPP_BUILD_DIR=${PROJECT_DIR}/build/build-prod\ncd ${AWSSDKCPP_BUILD_DIR} ; cmake ../../.. -G Xcode -DCMAKE_BUILD_TYPE=\"MinSizeRel\" -DTARGET_ARCH=APPLE -DCMAKE_OSX_DEPLOYMENT_TARGET=\"10.13\" -DCMAKE_OSX_ARCHITECTURES=\"x86_64;arm64\" -DBUILD_ONLY=\"${AWSSDKCPP_CLIENTS}\" -DBUILD_SHARED_LIBS=OFF -DENABLE_RTTI=OFF -DENABLE_TESTING=OFF -DENABLE_ADDRESS_SANITIZER=OFF -DENABLE_SANITIZERS=OFF -DHAS_SANITIZERS=OFF -DENABLE_UNITY_BUILD=ON -DMINIMIZE_SIZE=ON\n";
			showEnvVarsInLog = 0;
		};
		A465DDFD36AC4342AE5AD810 /* Copy custom headers */ = {
			isa = PBXShellScriptBuildPhase;
			buildActionMask = 2147483647;
			files = (
			);
			inputFileListPaths = (
			);
			inputPaths = (
				"$(PROJECT_DIR)/aws-cpp-sdk-core/include/aws/core/SDKConfig.h",
				"$(PROJECT_DIR)/crt/aws-crt-cpp/include/aws/crt/Config.h",
				"$(PROJECT_DIR)/crt/aws-crt-cpp/crt/aws-c-common/include/aws/common/config.h",
			);
			name = "Copy custom headers";
			outputFileListPaths = (
			);
			outputPaths = (
				"$(PROJECT_DIR)/../aws-cpp-sdk-core/include/aws/core/SDKConfig.h",
				"$(PROJECT_DIR)/../crt/aws-crt-cpp/include/aws/crt/Config.h",
				"$(PROJECT_DIR)/../crt/aws-crt-cpp/crt/aws-c-common/include/aws/common/config.h",
			);
			runOnlyForDeploymentPostprocessing = 0;
			shellPath = /bin/sh;
			shellScript = "cp -p ${PROJECT_DIR}/aws-cpp-sdk-core/include/aws/core/SDKConfig.h ${PROJECT_DIR}/../aws-cpp-sdk-core/include/aws/core/SDKConfig.h\ncp -p ${PROJECT_DIR}/crt/aws-crt-cpp/include/aws/crt/Config.h ${PROJECT_DIR}/../crt/aws-crt-cpp/include/aws/crt/Config.h\ncp -p ${PROJECT_DIR}/crt/aws-crt-cpp/crt/aws-c-common/include/aws/common/config.h ${PROJECT_DIR}/../crt/aws-crt-cpp/crt/aws-c-common/include/aws/common/config.h\n";
			showEnvVarsInLog = 0;
		};
		A87FA1AA66B1CE43C12C1539 /* Create XCFramework */ = {
			isa = PBXShellScriptBuildPhase;
			buildActionMask = 2147483647;
			files = (
			);
			inputFileListPaths = (
			);
			inputPaths = (
				"$(PROJECT_DIR)/build/build-prod/aws-cpp-sdk-s3/Debug/libaws-cpp-sdk-s3.a",
			);
			name = "Create XCFramework";
			outputFileListPaths = (
			);
			outputPaths = (
				"$(PROJECT_DIR)/build/aws-sdk-cpp.xcframework",
			);
			runOnlyForDeploymentPostprocessing = 0;
			shellPath = /bin/sh;
			shellScript = "rm -rf tmp-create-xcframework-540878794 ; mkdir -p tmp-create-xcframework-540878794/headers\ncp -Rp ${PROJECT_DIR}/../aws-cpp-sdk-core/include/. tmp-create-xcframework-540878794/headers\ncp -Rp ${PROJECT_DIR}/../crt/aws-crt-cpp/include/. tmp-create-xcframework-540878794/headers\ncp -Rp ${PROJECT_DIR}/../crt/aws-crt-cpp/crt/aws-c-common/include/. tmp-create-xcframework-540878794/headers\ncp -Rp ${PROJECT_DIR}/../crt/aws-crt-cpp/crt/aws-c-io/include/. tmp-create-xcframework-540878794/headers\ncp -Rp ${PROJECT_DIR}/../crt/aws-crt-cpp/crt/aws-c-mqtt/include/. tmp-create-xcframework-540878794/headers\ncp -Rp ${PROJECT_DIR}/../aws-cpp-sdk-s3/include/. tmp-create-xcframework-540878794/headers\nrm -rf ${PROJECT_DIR}/build/aws-sdk-cpp.xcframework\nxcodebuild -create-xcframework -library ${PROJECT_DIR}/build/build-prod/aws-cpp-sdk-s3/Debug/libaws-cpp-sdk-s3.a -headers tmp-create-xcframework-540878794/headers -output ${PROJECT_DIR}/build/aws-sdk-cpp.xcframework\nrm -rf tmp-create-xcframework-540878794\n";
			showEnvVarsInLog = 0;
		};
		FCD7BDAAF0A4165DB38FA397 /* Build aws-sdk-cpp */ = {
			isa = PBXShellScriptBuildPhase;
			buildActionMask = 2147483647;
			files = (
			);
			inputFileListPaths = (
			);
			inputPaths = (
				"$(PROJECT_DIR)/build/build-prod/AWSSDK.xcodeproj",
			);
			name = "Build aws-sdk-cpp";
			outputFileListPaths = (
			);
			outputPaths = (
				"$(PROJECT_DIR)/build/build-prod/aws-cpp-sdk-s3/Debug/libaws-cpp-sdk-s3.a",
				"$(PROJECT_DIR)/build/build-prod/aws-cpp-sdk-lambda/Debug/libaws-cpp-sdk-lambda.a",
			);
			runOnlyForDeploymentPostprocessing = 0;
			shellPath = /bin/sh;
			shellScript = "AWSSDKCPP_BUILD_DIR=${PROJECT_DIR}/build/build-prod\ncd ${AWSSDKCPP_BUILD_DIR} ; xcodebuild -target ALL_BUILD -enableAddressSanitizer NO -enableThreadSanitizer NO -enableUndefinedBehaviorSanitizer NO\n";
			showEnvVarsInLog = 0;
		};
/* End PBXShellScriptBuildPhase section */

/* Begin XCBuildConfiguration section */
		1AC7B2A0EF714526392F0D80 /* Debug */ = {
			isa = XCBuildConfiguration;
			buildSettings = {
				ALWAYS_SEARCH_USER_PATHS = NO;
				CLANG_ENABLE_OBJC_WEAK = YES;
				COMBINE_HIDPI_IMAGES = YES;
				GENERATE_INFOPLIST_FILE = YES;
				SDKROOT = macosx;
			};
			name = Debug;
		};
		437F30739D8D91166FC8FBE7 /* Release */ = {
			isa = XCBuildConfiguration;
			buildSettings = {
				ALWAYS_SEARCH_USER_PATHS = NO;
				CLANG_ENABLE_OBJC_WEAK = YES;
				COMBINE_HIDPI_IMAGES = YES;
				GENERATE_INFOPLIST_FILE = YES;
				SDKROOT = macosx;
			};
			name = Release;
		};
		7A1B7842055BA15999574D31 /* Release */ = {
			isa = XCBuildConfiguration;
			buildSettings = {
				ALWAYS_SEARCH_USER_PATHS = NO;
				CLANG_CXX_LANGUAGE_STANDARD = "c++14";
				CLANG_CXX_LIBRARY = "libc++";
				CLANG_WARN_BLOCK_CAPTURE_AUTORELEASING = YES;
				CLANG_WARN_BOOL_CONVERSION = YES;
				CLANG_WARN_COMMA = YES;
				CLANG_WARN_CONSTANT_CONVERSION = YES;
				CLANG_WARN_DEPRECATED_OBJC_IMPLEMENTATIONS = YES;
				CLANG_WARN_EMPTY_BODY = YES;
				CLANG_WARN_ENUM_CONVERSION = YES;
				CLANG_WARN_INFINITE_RECURSION = YES;
				CLANG_WARN_INT_CONVERSION = YES;
				CLANG_WARN_NON_LITERAL_NULL_CONVERSION = YES;
				CLANG_WARN_OBJC_IMPLICIT_RETAIN_SELF = YES;
				CLANG_WARN_OBJC_LITERAL_CONVERSION = YES;
				CLANG_WARN_QUOTED_INCLUDE_IN_FRAMEWORK_HEADER = YES;
				CLANG_WARN_RANGE_LOOP_ANALYSIS = YES;
				CLANG_WARN_STRICT_PROTOTYPES = YES;
				CLANG_WARN_SUSPICIOUS_MOVE = YES;
				CLANG_WARN_UNREACHABLE_CODE = YES;
				CLANG_WARN__DUPLICATE_METHOD_MATCH = YES;
				COPY_PHASE_STRIP = YES;
				DEBUG_INFORMATION_FORMAT = "dwarf-with-dsym";
				ENABLE_STRICT_OBJC_MSGSEND = YES;
				GCC_CHAR_IS_UNSIGNED_CHAR = YES;
				GCC_C_LANGUAGE_STANDARD = gnu99;
				GCC_GENERATE_DEBUGGING_SYMBOLS = YES;
				GCC_INLINES_ARE_PRIVATE_EXTERN = YES;
				GCC_NO_COMMON_BLOCKS = YES;
				GCC_OPTIMIZATION_LEVEL = 3;
				GCC_PRECOMPILE_PREFIX_HEADER = YES;
				GCC_PREFIX_HEADER = "$(SRCROOT)/src/precomp.h";
				GCC_SYMBOLS_PRIVATE_EXTERN = YES;
				GCC_UNROLL_LOOPS = YES;
				GCC_VERSION = com.apple.compilers.llvm.clang.1_0;
				GCC_WARN_64_TO_32_BIT_CONVERSION = YES;
				GCC_WARN_ABOUT_RETURN_TYPE = YES;
				GCC_WARN_CHECK_SWITCH_STATEMENTS = NO;
				GCC_WARN_UNDECLARED_SELECTOR = YES;
				GCC_WARN_UNINITIALIZED_AUTOS = YES;
				GCC_WARN_UNUSED_FUNCTION = YES;
				GCC_WARN_UNUSED_VALUE = NO;
				GCC_WARN_UNUSED_VARIABLE = YES;
				IPHONEOS_DEPLOYMENT_TARGET = 8.0;
				LLVM_LTO = YES;
				MACOSX_DEPLOYMENT_TARGET = 10.13;
				OTHER_CPLUSPLUSFLAGS = (
					"-fno-exceptions",
					"$(OTHER_CFLAGS)",
				);
				TVOS_DEPLOYMENT_TARGET = 9.0;
				USE_HEADERMAP = NO;
				WARNING_CFLAGS = "-Wno-address-of-temporary";
				WATCHOS_DEPLOYMENT_TARGET = 2.0;
			};
			name = Release;
		};
		C680C55880AC48D5BCE1BAAA /* Debug */ = {
			isa = XCBuildConfiguration;
			buildSettings = {
				ALWAYS_SEARCH_USER_PATHS = NO;
				CLANG_CXX_LANGUAGE_STANDARD = "c++14";
				CLANG_CXX_LIBRARY = "libc++";
				CLANG_WARN_BLOCK_CAPTURE_AUTORELEASING = YES;
				CLANG_WARN_BOOL_CONVERSION = YES;
				CLANG_WARN_COMMA = YES;
				CLANG_WARN_CONSTANT_CONVERSION = YES;
				CLANG_WARN_DEPRECATED_OBJC_IMPLEMENTATIONS = YES;
				CLANG_WARN_EMPTY_BODY = YES;
				CLANG_WARN_ENUM_CONVERSION = YES;
				CLANG_WARN_INFINITE_RECURSION = YES;
				CLANG_WARN_INT_CONVERSION = YES;
				CLANG_WARN_NON_LITERAL_NULL_CONVERSION = YES;
				CLANG_WARN_OBJC_IMPLICIT_RETAIN_SELF = YES;
				CLANG_WARN_OBJC_LITERAL_CONVERSION = YES;
				CLANG_WARN_QUOTED_INCLUDE_IN_FRAMEWORK_HEADER = YES;
				CLANG_WARN_RANGE_LOOP_ANALYSIS = YES;
				CLANG_WARN_STRICT_PROTOTYPES = YES;
				CLANG_WARN_SUSPICIOUS_MOVE = YES;
				CLANG_WARN_UNREACHABLE_CODE = YES;
				CLANG_WARN__DUPLICATE_METHOD_MATCH = YES;
				COPY_PHASE_STRIP = YES;
				DEBUG_INFORMATION_FORMAT = "dwarf-with-dsym";
				ENABLE_STRICT_OBJC_MSGSEND = YES;
				GCC_CHAR_IS_UNSIGNED_CHAR = YES;
				GCC_C_LANGUAGE_STANDARD = gnu99;
				GCC_GENERATE_DEBUGGING_SYMBOLS = YES;
				GCC_INLINES_ARE_PRIVATE_EXTERN = YES;
				GCC_NO_COMMON_BLOCKS = YES;
				GCC_OPTIMIZATION_LEVEL = 3;
				GCC_PRECOMPILE_PREFIX_HEADER = YES;
				GCC_PREFIX_HEADER = "$(SRCROOT)/src/precomp.h";
				GCC_SYMBOLS_PRIVATE_EXTERN = YES;
				GCC_UNROLL_LOOPS = YES;
				GCC_VERSION = com.apple.compilers.llvm.clang.1_0;
				GCC_WARN_64_TO_32_BIT_CONVERSION = YES;
				GCC_WARN_ABOUT_RETURN_TYPE = YES;
				GCC_WARN_CHECK_SWITCH_STATEMENTS = NO;
				GCC_WARN_UNDECLARED_SELECTOR = YES;
				GCC_WARN_UNINITIALIZED_AUTOS = YES;
				GCC_WARN_UNUSED_FUNCTION = YES;
				GCC_WARN_UNUSED_VALUE = NO;
				GCC_WARN_UNUSED_VARIABLE = YES;
				IPHONEOS_DEPLOYMENT_TARGET = 8.0;
				LLVM_LTO = YES;
				MACOSX_DEPLOYMENT_TARGET = 10.13;
				OTHER_CPLUSPLUSFLAGS = (
					"-fno-exceptions",
					"$(OTHER_CFLAGS)",
				);
				TVOS_DEPLOYMENT_TARGET = 9.0;
				USE_HEADERMAP = NO;
				WARNING_CFLAGS = "-Wno-address-of-temporary";
				WATCHOS_DEPLOYMENT_TARGET = 2.0;
			};
			name = Debug;
		};
/* End XCBuildConfiguration section */

/* Begin XCConfigurationList section */
		1369E9C23F3761A2A1837E2B /* Build configuration list for PBXProject "aws-sdk-cpp" */ = {
			isa = XCConfigurationList;
			buildConfigurations = (
				C680C55880AC48D5BCE1BAAA /* Debug */,
				7A1B7842055BA15999574D31 /* Release */,
			);
			defaultConfigurationIsVisible = 0;
			defaultConfigurationName = Release;
		};
		90AC36D8FA0AFBB2887FC0D8 /* Build configuration list for PBXNativeTarget "aws-sdk-cpp-macOS" */ = {
			isa = XCConfigurationList;
			buildConfigurations = (
				1AC7B2A0EF714526392F0D80 /* Debug */,
				437F30739D8D91166FC8FBE7 /* Release */,
			);
			defaultConfigurationIsVisible = 0;
			defaultConfigurationName = Release;
		};
/* End XCConfigurationList section */
	};
	rootObject = 5AA7B0F1642021E580E9C9AE /* Project object */;
}
